
Microsoft Visual Studio Solution File, Format Version 12.00
# Visual Studio Version 17
VisualStudioVersion = 17.6.33815.320
MinimumVisualStudioVersion = 10.0.40219.1
Project("{FAE04EC0-301F-11D3-BF4B-00C04F79EFBC}") = "T1Skynet", "T1Skynet.csproj", "{A44CA3E1-0C17-4BD6-A377-F1F4794FFFE0}"
EndProject
Global
	GlobalSection(SolutionConfigurationPlatforms) = preSolution
		Debug|Any CPU = Debug|Any CPU
		Release|Any CPU = Release|Any CPU
	EndGlobalSection
	GlobalSection(ProjectConfigurationPlatforms) = postSolution
		{A44CA3E1-0C17-4BD6-A377-F1F4794FFFE0}.Debug|Any CPU.ActiveCfg = Debug|Any CPU
		{A44CA3E1-0C17-4BD6-A377-F1F4794FFFE0}.Debug|Any CPU.Build.0 = Debug|Any CPU
		{A44CA3E1-0C17-4BD6-A377-F1F4794FFFE0}.Release|Any CPU.ActiveCfg = Release|Any CPU
		{A44CA3E1-0C17-4BD6-A377-F1F4794FFFE0}.Release|Any CPU.Build.0 = Release|Any CPU
	EndGlobalSection
	GlobalSection(SolutionProperties) = preSolution
		HideSolutionNode = FALSE
	EndGlobalSection
	GlobalSection(ExtensibilityGlobals) = postSolution
		SolutionGuid = {61DA19BF-31AF-4575-A56A-779B8912B45C}
	EndGlobalSection
EndGlobal
